# This file is automatically @generated by Cargo.
# It is not intended for manual editing.
version = 4

[[package]]
name = "hw-cli"
version = "0.1.0"
dependencies = [
 "hw-core",
 "hw-engine",
]

[[package]]
name = "hw-core"
version = "0.1.0"

[[package]]
name = "hw-engine"
version = "0.1.0"
dependencies = [
 "hw-core",
]
